
Microsoft Visual Studio Solution File, Format Version 12.00
# Visual Studio Version 16
VisualStudioVersion = 16.0.30413.136
MinimumVisualStudioVersion = 10.0.40219.1
Project("{8BC9CEB8-8B4A-11D0-8D11-00A0C91BC942}") = "Interop.D3DImageEx", "Interop.D3DImageEx\Interop.D3DImageEx.vcxproj", "{C10E7AA0-71BE-4993-9D6A-B7CA1AE954AE}"
EndProject
Project("{FAE04EC0-301F-11D3-BF4B-00C04F79EFBC}") = "D3DImageTest", "D3DImageTest\D3DImageTest.csproj", "{AFDED8D2-F5ED-4770-830A-5736C90CDA92}"
EndProject
Project("{8BC9CEB8-8B4A-11D0-8D11-00A0C91BC942}") = "D3D10Scene", "D3D10Scene\D3D10Scene.vcxproj", "{08C66CD6-0686-4F31-BCBA-67ED63262FFE}"
EndProject
Global
	GlobalSection(SolutionConfigurationPlatforms) = preSolution
		Debug|Any CPU = Debug|Any CPU
		Debug|Mixed Platforms = Debug|Mixed Platforms
		Debug|Win32 = Debug|Win32
		Release|Any CPU = Release|Any CPU
		Release|Mixed Platforms = Release|Mixed Platforms
		Release|Win32 = Release|Win32
	EndGlobalSection
	GlobalSection(ProjectConfigurationPlatforms) = postSolution
		{C10E7AA0-71BE-4993-9D6A-B7CA1AE954AE}.Debug|Any CPU.ActiveCfg = Debug|Win32
		{C10E7AA0-71BE-4993-9D6A-B7CA1AE954AE}.Debug|Mixed Platforms.ActiveCfg = Debug|Win32
		{C10E7AA0-71BE-4993-9D6A-B7CA1AE954AE}.Debug|Mixed Platforms.Build.0 = Debug|Win32
		{C10E7AA0-71BE-4993-9D6A-B7CA1AE954AE}.Debug|Win32.ActiveCfg = Debug|Win32
		{C10E7AA0-71BE-4993-9D6A-B7CA1AE954AE}.Debug|Win32.Build.0 = Debug|Win32
		{C10E7AA0-71BE-4993-9D6A-B7CA1AE954AE}.Release|Any CPU.ActiveCfg = Release|Win32
		{C10E7AA0-71BE-4993-9D6A-B7CA1AE954AE}.Release|Mixed Platforms.ActiveCfg = Release|Win32
		{C10E7AA0-71BE-4993-9D6A-B7CA1AE954AE}.Release|Mixed Platforms.Build.0 = Release|Win32
		{C10E7AA0-71BE-4993-9D6A-B7CA1AE954AE}.Release|Win32.ActiveCfg = Release|Win32
		{C10E7AA0-71BE-4993-9D6A-B7CA1AE954AE}.Release|Win32.Build.0 = Release|Win32
		{AFDED8D2-F5ED-4770-830A-5736C90CDA92}.Debug|Any CPU.ActiveCfg = Debug|Any CPU
		{AFDED8D2-F5ED-4770-830A-5736C90CDA92}.Debug|Any CPU.Build.0 = Debug|Any CPU
		{AFDED8D2-F5ED-4770-830A-5736C90CDA92}.Debug|Mixed Platforms.ActiveCfg = Debug|Any CPU
		{AFDED8D2-F5ED-4770-830A-5736C90CDA92}.Debug|Mixed Platforms.Build.0 = Debug|Any CPU
		{AFDED8D2-F5ED-4770-830A-5736C90CDA92}.Debug|Win32.ActiveCfg = Debug|Any CPU
		{AFDED8D2-F5ED-4770-830A-5736C90CDA92}.Release|Any CPU.ActiveCfg = Release|Any CPU
		{AFDED8D2-F5ED-4770-830A-5736C90CDA92}.Release|Any CPU.Build.0 = Release|Any CPU
		{AFDED8D2-F5ED-4770-830A-5736C90CDA92}.Release|Mixed Platforms.ActiveCfg = Release|Any CPU
		{AFDED8D2-F5ED-4770-830A-5736C90CDA92}.Release|Mixed Platforms.Build.0 = Release|Any CPU
		{AFDED8D2-F5ED-4770-830A-5736C90CDA92}.Release|Win32.ActiveCfg = Release|Any CPU
		{08C66CD6-0686-4F31-BCBA-67ED63262FFE}.Debug|Any CPU.ActiveCfg = Debug|Win32
		{08C66CD6-0686-4F31-BCBA-67ED63262FFE}.Debug|Mixed Platforms.ActiveCfg = Debug|Win32
		{08C66CD6-0686-4F31-BCBA-67ED63262FFE}.Debug|Mixed Platforms.Build.0 = Debug|Win32
		{08C66CD6-0686-4F31-BCBA-67ED63262FFE}.Debug|Win32.ActiveCfg = Debug|Win32
		{08C66CD6-0686-4F31-BCBA-67ED63262FFE}.Debug|Win32.Build.0 = Debug|Win32
		{08C66CD6-0686-4F31-BCBA-67ED63262FFE}.Release|Any CPU.ActiveCfg = Release|Win32
		{08C66CD6-0686-4F31-BCBA-67ED63262FFE}.Release|Mixed Platforms.ActiveCfg = Release|Win32
		{08C66CD6-0686-4F31-BCBA-67ED63262FFE}.Release|Mixed Platforms.Build.0 = Release|Win32
		{08C66CD6-0686-4F31-BCBA-67ED63262FFE}.Release|Win32.ActiveCfg = Release|Win32
		{08C66CD6-0686-4F31-BCBA-67ED63262FFE}.Release|Win32.Build.0 = Release|Win32
	EndGlobalSection
	GlobalSection(SolutionProperties) = preSolution
		HideSolutionNode = FALSE
	EndGlobalSection
	GlobalSection(ExtensibilityGlobals) = postSolution
		SolutionGuid = {E2E4D353-E15D-4399-82F4-E1BF85C355FB}
	EndGlobalSection
EndGlobal
